
Microsoft Visual Studio Solution File, Format Version 12.00
# Visual Studio Version 16
VisualStudioVersion = 16.0.32630.194
MinimumVisualStudioVersion = 10.0.40219.1
Project("{FAE04EC0-301F-11D3-BF4B-00C04F79EFBC}") = "08-04-2022", "08-04-2022\08-04-2022.csproj", "{71E68E02-40E4-4D92-BDB9-A77375E2D9DC}"
EndProject
Global
	GlobalSection(SolutionConfigurationPlatforms) = preSolution
		Debug|Any CPU = Debug|Any CPU
		Release|Any CPU = Release|Any CPU
	EndGlobalSection
	GlobalSection(ProjectConfigurationPlatforms) = postSolution
		{71E68E02-40E4-4D92-BDB9-A77375E2D9DC}.Debug|Any CPU.ActiveCfg = Debug|Any CPU
		{71E68E02-40E4-4D92-BDB9-A77375E2D9DC}.Debug|Any CPU.Build.0 = Debug|Any CPU
		{71E68E02-40E4-4D92-BDB9-A77375E2D9DC}.Release|Any CPU.ActiveCfg = Release|Any CPU
		{71E68E02-40E4-4D92-BDB9-A77375E2D9DC}.Release|Any CPU.Build.0 = Release|Any CPU
	EndGlobalSection
	GlobalSection(SolutionProperties) = preSolution
		HideSolutionNode = FALSE
	EndGlobalSection
	GlobalSection(ExtensibilityGlobals) = postSolution
		SolutionGuid = {E315CCC3-DEF7-49E8-8A26-33C9C0CE9926}
	EndGlobalSection
EndGlobal
